// !$*UTF8*$!
{
	archiveVersion = 1;
	classes = {
	};
	objectVersion = 50;
	objects = {

/* Begin PBXBuildFile section */
		185FE5F324C5612000DEFE49 /* ForgetPasswordViewController.swift in Sources */ = {isa = PBXBuildFile; fileRef = 185FE5F224C5612000DEFE49 /* ForgetPasswordViewController.swift */; };
		185FE5FB24C56A0F00DEFE49 /* TutorialCollectionViewCell.swift in Sources */ = {isa = PBXBuildFile; fileRef = 185FE5FA24C56A0F00DEFE49 /* TutorialCollectionViewCell.swift */; };
		185FE5FD24C56EA200DEFE49 /* Home.storyboard in Resources */ = {isa = PBXBuildFile; fileRef = 185FE5FC24C56EA200DEFE49 /* Home.storyboard */; };
		185FE5FF24C56F9100DEFE49 /* ChangePasswordViewController.swift in Sources */ = {isa = PBXBuildFile; fileRef = 185FE5FE24C56F9100DEFE49 /* ChangePasswordViewController.swift */; };
		18C2B39324BD81AD00632C82 /* AppDelegate.swift in Sources */ = {isa = PBXBuildFile; fileRef = 18C2B39224BD81AD00632C82 /* AppDelegate.swift */; };
		18C2B39524BD81AD00632C82 /* SceneDelegate.swift in Sources */ = {isa = PBXBuildFile; fileRef = 18C2B39424BD81AD00632C82 /* SceneDelegate.swift */; };
		18C2B39724BD81AD00632C82 /* ViewController.swift in Sources */ = {isa = PBXBuildFile; fileRef = 18C2B39624BD81AD00632C82 /* ViewController.swift */; };
		18C2B39A24BD81AD00632C82 /* Main.storyboard in Resources */ = {isa = PBXBuildFile; fileRef = 18C2B39824BD81AD00632C82 /* Main.storyboard */; };
		18C2B39C24BD81AE00632C82 /* Assets.xcassets in Resources */ = {isa = PBXBuildFile; fileRef = 18C2B39B24BD81AE00632C82 /* Assets.xcassets */; };
		18C2B39F24BD81AE00632C82 /* LaunchScreen.storyboard in Resources */ = {isa = PBXBuildFile; fileRef = 18C2B39D24BD81AE00632C82 /* LaunchScreen.storyboard */; };
		18C2B3AA24BD81AE00632C82 /* BigWheelCasinoTests.swift in Sources */ = {isa = PBXBuildFile; fileRef = 18C2B3A924BD81AE00632C82 /* BigWheelCasinoTests.swift */; };
		18C2B3B524BD81AE00632C82 /* BigWheelCasinoUITests.swift in Sources */ = {isa = PBXBuildFile; fileRef = 18C2B3B424BD81AE00632C82 /* BigWheelCasinoUITests.swift */; };
		18C2B3C824BD81F300632C82 /* UIView+Inspectable.swift in Sources */ = {isa = PBXBuildFile; fileRef = 18C2B3C324BD81F200632C82 /* UIView+Inspectable.swift */; };
		18C2B3C924BD81F300632C82 /* UIApplication+Hierarchy.swift in Sources */ = {isa = PBXBuildFile; fileRef = 18C2B3C424BD81F200632C82 /* UIApplication+Hierarchy.swift */; };
		18C2B3CA24BD81F300632C82 /* Util.swift in Sources */ = {isa = PBXBuildFile; fileRef = 18C2B3C524BD81F300632C82 /* Util.swift */; };
		18C2B3CB24BD81F300632C82 /* UItableView+CollectionView.swift in Sources */ = {isa = PBXBuildFile; fileRef = 18C2B3C624BD81F300632C82 /* UItableView+CollectionView.swift */; };
		18C2B3CC24BD81F300632C82 /* UIViewController+Storyboard.swift in Sources */ = {isa = PBXBuildFile; fileRef = 18C2B3C724BD81F300632C82 /* UIViewController+Storyboard.swift */; };
		18C2B3EC24BD822200632C82 /* Reachability.swift in Sources */ = {isa = PBXBuildFile; fileRef = 18C2B3D224BD822200632C82 /* Reachability.swift */; };
		18C2B3ED24BD822200632C82 /* ApiConstant.swift in Sources */ = {isa = PBXBuildFile; fileRef = 18C2B3D424BD822200632C82 /* ApiConstant.swift */; };
		18C2B40424BD829300632C82 /* UIColor+AppColor.swift in Sources */ = {isa = PBXBuildFile; fileRef = 18C2B40124BD829300632C82 /* UIColor+AppColor.swift */; };
		18C2B40524BD829300632C82 /* String.swift in Sources */ = {isa = PBXBuildFile; fileRef = 18C2B40224BD829300632C82 /* String.swift */; };
		18C2B42024BD82E700632C82 /* Font.swift in Sources */ = {isa = PBXBuildFile; fileRef = 18C2B41224BD82E700632C82 /* Font.swift */; };
		18C2B42524BD832400632C82 /* Color.xcassets in Resources */ = {isa = PBXBuildFile; fileRef = 18C2B42424BD832400632C82 /* Color.xcassets */; };
		18C2B42924BD8B8900632C82 /* BaseViewController.swift in Sources */ = {isa = PBXBuildFile; fileRef = 18C2B42824BD8B8900632C82 /* BaseViewController.swift */; };
		18C2B42B24BD8B9B00632C82 /* TutorialViewController.swift in Sources */ = {isa = PBXBuildFile; fileRef = 18C2B42A24BD8B9B00632C82 /* TutorialViewController.swift */; };
		18C2B42D24BD8BA800632C82 /* LoginViewController.swift in Sources */ = {isa = PBXBuildFile; fileRef = 18C2B42C24BD8BA800632C82 /* LoginViewController.swift */; };
		18C2B42F24BD8BB500632C82 /* DashboardViewController.swift in Sources */ = {isa = PBXBuildFile; fileRef = 18C2B42E24BD8BB500632C82 /* DashboardViewController.swift */; };
		18C2B43624BD8D1600632C82 /* Authentication.storyboard in Resources */ = {isa = PBXBuildFile; fileRef = 18C2B43524BD8D1600632C82 /* Authentication.storyboard */; };
		18C2B43824BD8D2500632C82 /* Tab.storyboard in Resources */ = {isa = PBXBuildFile; fileRef = 18C2B43724BD8D2500632C82 /* Tab.storyboard */; };
		18C2B43A24BD8D3400632C82 /* Base.storyboard in Resources */ = {isa = PBXBuildFile; fileRef = 18C2B43924BD8D3400632C82 /* Base.storyboard */; };
/* End PBXBuildFile section */

/* Begin PBXContainerItemProxy section */
		18C2B3A624BD81AE00632C82 /* PBXContainerItemProxy */ = {
			isa = PBXContainerItemProxy;
			containerPortal = 18C2B38724BD81AD00632C82 /* Project object */;
			proxyType = 1;
			remoteGlobalIDString = 18C2B38E24BD81AD00632C82;
			remoteInfo = BigWheelCasino;
		};
		18C2B3B124BD81AE00632C82 /* PBXContainerItemProxy */ = {
			isa = PBXContainerItemProxy;
			containerPortal = 18C2B38724BD81AD00632C82 /* Project object */;
			proxyType = 1;
			remoteGlobalIDString = 18C2B38E24BD81AD00632C82;
			remoteInfo = BigWheelCasino;
		};
/* End PBXContainerItemProxy section */

/* Begin PBXFileReference section */
		185FE5EA24C5577700DEFE49 /* Oxanium-Bold.ttf */ = {isa = PBXFileReference; lastKnownFileType = file; path = "Oxanium-Bold.ttf"; sourceTree = "<group>"; };
		185FE5EB24C5577700DEFE49 /* Oxanium-Light.ttf */ = {isa = PBXFileReference; lastKnownFileType = file; path = "Oxanium-Light.ttf"; sourceTree = "<group>"; };
		185FE5EC24C5577700DEFE49 /* Oxanium-Medium.ttf */ = {isa = PBXFileReference; lastKnownFileType = file; path = "Oxanium-Medium.ttf"; sourceTree = "<group>"; };
		185FE5ED24C5577700DEFE49 /* Oxanium-Regular.ttf */ = {isa = PBXFileReference; lastKnownFileType = file; path = "Oxanium-Regular.ttf"; sourceTree = "<group>"; };
		185FE5EE24C5577700DEFE49 /* Pacifico-Regular.ttf */ = {isa = PBXFileReference; lastKnownFileType = file; path = "Pacifico-Regular.ttf"; sourceTree = "<group>"; };
		185FE5EF24C5577700DEFE49 /* Oxanium-ExtraLight.ttf */ = {isa = PBXFileReference; lastKnownFileType = file; path = "Oxanium-ExtraLight.ttf"; sourceTree = "<group>"; };
		185FE5F024C5577700DEFE49 /* Oxanium-ExtraBold.ttf */ = {isa = PBXFileReference; lastKnownFileType = file; path = "Oxanium-ExtraBold.ttf"; sourceTree = "<group>"; };
		185FE5F124C5577700DEFE49 /* Oxanium-SemiBold.ttf */ = {isa = PBXFileReference; lastKnownFileType = file; path = "Oxanium-SemiBold.ttf"; sourceTree = "<group>"; };
		185FE5F224C5612000DEFE49 /* ForgetPasswordViewController.swift */ = {isa = PBXFileReference; lastKnownFileType = sourcecode.swift; path = ForgetPasswordViewController.swift; sourceTree = "<group>"; };
		185FE5FA24C56A0F00DEFE49 /* TutorialCollectionViewCell.swift */ = {isa = PBXFileReference; lastKnownFileType = sourcecode.swift; path = TutorialCollectionViewCell.swift; sourceTree = "<group>"; };
		185FE5FC24C56EA200DEFE49 /* Home.storyboard */ = {isa = PBXFileReference; lastKnownFileType = file.storyboard; path = Home.storyboard; sourceTree = "<group>"; };
		185FE5FE24C56F9100DEFE49 /* ChangePasswordViewController.swift */ = {isa = PBXFileReference; lastKnownFileType = sourcecode.swift; path = ChangePasswordViewController.swift; sourceTree = "<group>"; };
		18C2B38F24BD81AD00632C82 /* BigWheelCasino.app */ = {isa = PBXFileReference; explicitFileType = wrapper.application; includeInIndex = 0; path = BigWheelCasino.app; sourceTree = BUILT_PRODUCTS_DIR; };
		18C2B39224BD81AD00632C82 /* AppDelegate.swift */ = {isa = PBXFileReference; lastKnownFileType = sourcecode.swift; path = AppDelegate.swift; sourceTree = "<group>"; };
		18C2B39424BD81AD00632C82 /* SceneDelegate.swift */ = {isa = PBXFileReference; lastKnownFileType = sourcecode.swift; path = SceneDelegate.swift; sourceTree = "<group>"; };
		18C2B39624BD81AD00632C82 /* ViewController.swift */ = {isa = PBXFileReference; lastKnownFileType = sourcecode.swift; path = ViewController.swift; sourceTree = "<group>"; };
		18C2B39924BD81AD00632C82 /* Base */ = {isa = PBXFileReference; lastKnownFileType = file.storyboard; name = Base; path = Base.lproj/Main.storyboard; sourceTree = "<group>"; };
		18C2B39B24BD81AE00632C82 /* Assets.xcassets */ = {isa = PBXFileReference; lastKnownFileType = folder.assetcatalog; path = Assets.xcassets; sourceTree = "<group>"; };
		18C2B39E24BD81AE00632C82 /* Base */ = {isa = PBXFileReference; lastKnownFileType = file.storyboard; name = Base; path = Base.lproj/LaunchScreen.storyboard; sourceTree = "<group>"; };
		18C2B3A024BD81AE00632C82 /* Info.plist */ = {isa = PBXFileReference; lastKnownFileType = text.plist.xml; path = Info.plist; sourceTree = "<group>"; };
		18C2B3A524BD81AE00632C82 /* BigWheelCasinoTests.xctest */ = {isa = PBXFileReference; explicitFileType = wrapper.cfbundle; includeInIndex = 0; path = BigWheelCasinoTests.xctest; sourceTree = BUILT_PRODUCTS_DIR; };
		18C2B3A924BD81AE00632C82 /* BigWheelCasinoTests.swift */ = {isa = PBXFileReference; lastKnownFileType = sourcecode.swift; path = BigWheelCasinoTests.swift; sourceTree = "<group>"; };
		18C2B3AB24BD81AE00632C82 /* Info.plist */ = {isa = PBXFileReference; lastKnownFileType = text.plist.xml; path = Info.plist; sourceTree = "<group>"; };
		18C2B3B024BD81AE00632C82 /* BigWheelCasinoUITests.xctest */ = {isa = PBXFileReference; explicitFileType = wrapper.cfbundle; includeInIndex = 0; path = BigWheelCasinoUITests.xctest; sourceTree = BUILT_PRODUCTS_DIR; };
		18C2B3B424BD81AE00632C82 /* BigWheelCasinoUITests.swift */ = {isa = PBXFileReference; lastKnownFileType = sourcecode.swift; path = BigWheelCasinoUITests.swift; sourceTree = "<group>"; };
		18C2B3B624BD81AE00632C82 /* Info.plist */ = {isa = PBXFileReference; lastKnownFileType = text.plist.xml; path = Info.plist; sourceTree = "<group>"; };
		18C2B3C324BD81F200632C82 /* UIView+Inspectable.swift */ = {isa = PBXFileReference; fileEncoding = 4; lastKnownFileType = sourcecode.swift; path = "UIView+Inspectable.swift"; sourceTree = "<group>"; };
		18C2B3C424BD81F200632C82 /* UIApplication+Hierarchy.swift */ = {isa = PBXFileReference; fileEncoding = 4; lastKnownFileType = sourcecode.swift; path = "UIApplication+Hierarchy.swift"; sourceTree = "<group>"; };
		18C2B3C524BD81F300632C82 /* Util.swift */ = {isa = PBXFileReference; fileEncoding = 4; lastKnownFileType = sourcecode.swift; path = Util.swift; sourceTree = "<group>"; };
		18C2B3C624BD81F300632C82 /* UItableView+CollectionView.swift */ = {isa = PBXFileReference; fileEncoding = 4; lastKnownFileType = sourcecode.swift; path = "UItableView+CollectionView.swift"; sourceTree = "<group>"; };
		18C2B3C724BD81F300632C82 /* UIViewController+Storyboard.swift */ = {isa = PBXFileReference; fileEncoding = 4; lastKnownFileType = sourcecode.swift; path = "UIViewController+Storyboard.swift"; sourceTree = "<group>"; };
		18C2B3D224BD822200632C82 /* Reachability.swift */ = {isa = PBXFileReference; fileEncoding = 4; lastKnownFileType = sourcecode.swift; path = Reachability.swift; sourceTree = "<group>"; };
		18C2B3D424BD822200632C82 /* ApiConstant.swift */ = {isa = PBXFileReference; fileEncoding = 4; lastKnownFileType = sourcecode.swift; path = ApiConstant.swift; sourceTree = "<group>"; };
		18C2B40124BD829300632C82 /* UIColor+AppColor.swift */ = {isa = PBXFileReference; fileEncoding = 4; lastKnownFileType = sourcecode.swift; path = "UIColor+AppColor.swift"; sourceTree = "<group>"; };
		18C2B40224BD829300632C82 /* String.swift */ = {isa = PBXFileReference; fileEncoding = 4; lastKnownFileType = sourcecode.swift; path = String.swift; sourceTree = "<group>"; };
		18C2B41224BD82E700632C82 /* Font.swift */ = {isa = PBXFileReference; fileEncoding = 4; lastKnownFileType = sourcecode.swift; path = Font.swift; sourceTree = "<group>"; };
		18C2B42424BD832400632C82 /* Color.xcassets */ = {isa = PBXFileReference; lastKnownFileType = folder.assetcatalog; path = Color.xcassets; sourceTree = "<group>"; };
		18C2B42824BD8B8900632C82 /* BaseViewController.swift */ = {isa = PBXFileReference; lastKnownFileType = sourcecode.swift; path = BaseViewController.swift; sourceTree = "<group>"; };
		18C2B42A24BD8B9B00632C82 /* TutorialViewController.swift */ = {isa = PBXFileReference; lastKnownFileType = sourcecode.swift; path = TutorialViewController.swift; sourceTree = "<group>"; };
		18C2B42C24BD8BA800632C82 /* LoginViewController.swift */ = {isa = PBXFileReference; lastKnownFileType = sourcecode.swift; path = LoginViewController.swift; sourceTree = "<group>"; };
		18C2B42E24BD8BB500632C82 /* DashboardViewController.swift */ = {isa = PBXFileReference; lastKnownFileType = sourcecode.swift; path = DashboardViewController.swift; sourceTree = "<group>"; };
		18C2B43524BD8D1600632C82 /* Authentication.storyboard */ = {isa = PBXFileReference; lastKnownFileType = file.storyboard; path = Authentication.storyboard; sourceTree = "<group>"; };
		18C2B43724BD8D2500632C82 /* Tab.storyboard */ = {isa = PBXFileReference; lastKnownFileType = file.storyboard; path = Tab.storyboard; sourceTree = "<group>"; };
		18C2B43924BD8D3400632C82 /* Base.storyboard */ = {isa = PBXFileReference; lastKnownFileType = file.storyboard; path = Base.storyboard; sourceTree = "<group>"; };
/* End PBXFileReference section */

/* Begin PBXFrameworksBuildPhase section */
		18C2B38C24BD81AD00632C82 /* Frameworks */ = {
			isa = PBXFrameworksBuildPhase;
			buildActionMask = 2147483647;
			files = (
			);
			runOnlyForDeploymentPostprocessing = 0;
		};
		18C2B3A224BD81AE00632C82 /* Frameworks */ = {
			isa = PBXFrameworksBuildPhase;
			buildActionMask = 2147483647;
			files = (
			);
			runOnlyForDeploymentPostprocessing = 0;
		};
		18C2B3AD24BD81AE00632C82 /* Frameworks */ = {
			isa = PBXFrameworksBuildPhase;
			buildActionMask = 2147483647;
			files = (
			);
			runOnlyForDeploymentPostprocessing = 0;
		};
/* End PBXFrameworksBuildPhase section */

/* Begin PBXGroup section */
		185FE5F424C5697D00DEFE49 /* Cell */ = {
			isa = PBXGroup;
			children = (
				185FE5F924C569FF00DEFE49 /* CollectionCell */,
			);
			path = Cell;
			sourceTree = "<group>";
		};
		185FE5F924C569FF00DEFE49 /* CollectionCell */ = {
			isa = PBXGroup;
			children = (
				185FE5FA24C56A0F00DEFE49 /* TutorialCollectionViewCell.swift */,
			);
			path = CollectionCell;
			sourceTree = "<group>";
		};
		18C2B38624BD81AD00632C82 = {
			isa = PBXGroup;
			children = (
				18C2B39124BD81AD00632C82 /* BigWheelCasino */,
				18C2B3A824BD81AE00632C82 /* BigWheelCasinoTests */,
				18C2B3B324BD81AE00632C82 /* BigWheelCasinoUITests */,
				18C2B39024BD81AD00632C82 /* Products */,
			);
			sourceTree = "<group>";
		};
		18C2B39024BD81AD00632C82 /* Products */ = {
			isa = PBXGroup;
			children = (
				18C2B38F24BD81AD00632C82 /* BigWheelCasino.app */,
				18C2B3A524BD81AE00632C82 /* BigWheelCasinoTests.xctest */,
				18C2B3B024BD81AE00632C82 /* BigWheelCasinoUITests.xctest */,
			);
			name = Products;
			sourceTree = "<group>";
		};
		18C2B39124BD81AD00632C82 /* BigWheelCasino */ = {
			isa = PBXGroup;
			children = (
				185FE5F424C5697D00DEFE49 /* Cell */,
				18C2B40724BD82E700632C82 /* Fonts */,
				18C2B3CF24BD822200632C82 /* ApiService */,
				18C2B3C224BD81D500632C82 /* Miss */,
				18C2B42724BD8B7300632C82 /* ViewController */,
				18C2B39224BD81AD00632C82 /* AppDelegate.swift */,
				18C2B39424BD81AD00632C82 /* SceneDelegate.swift */,
				18C2B39624BD81AD00632C82 /* ViewController.swift */,
				18C2B39824BD81AD00632C82 /* Main.storyboard */,
				18C2B43424BD8CE900632C82 /* Storyboard */,
				18C2B42624BD832900632C82 /* Asset */,
				18C2B39D24BD81AE00632C82 /* LaunchScreen.storyboard */,
				18C2B3A024BD81AE00632C82 /* Info.plist */,
			);
			path = BigWheelCasino;
			sourceTree = "<group>";
		};
		18C2B3A824BD81AE00632C82 /* BigWheelCasinoTests */ = {
			isa = PBXGroup;
			children = (
				18C2B3A924BD81AE00632C82 /* BigWheelCasinoTests.swift */,
				18C2B3AB24BD81AE00632C82 /* Info.plist */,
			);
			path = BigWheelCasinoTests;
			sourceTree = "<group>";
		};
		18C2B3B324BD81AE00632C82 /* BigWheelCasinoUITests */ = {
			isa = PBXGroup;
			children = (
				18C2B3B424BD81AE00632C82 /* BigWheelCasinoUITests.swift */,
				18C2B3B624BD81AE00632C82 /* Info.plist */,
			);
			path = BigWheelCasinoUITests;
			sourceTree = "<group>";
		};
		18C2B3C224BD81D500632C82 /* Miss */ = {
			isa = PBXGroup;
			children = (
				18C2B40224BD829300632C82 /* String.swift */,
				18C2B40124BD829300632C82 /* UIColor+AppColor.swift */,
				18C2B3C424BD81F200632C82 /* UIApplication+Hierarchy.swift */,
				18C2B3C624BD81F300632C82 /* UItableView+CollectionView.swift */,
				18C2B3C324BD81F200632C82 /* UIView+Inspectable.swift */,
				18C2B3C724BD81F300632C82 /* UIViewController+Storyboard.swift */,
				18C2B3C524BD81F300632C82 /* Util.swift */,
			);
			path = Miss;
			sourceTree = "<group>";
		};
		18C2B3CF24BD822200632C82 /* ApiService */ = {
			isa = PBXGroup;
			children = (
				18C2B3D124BD822200632C82 /* Rechability */,
				18C2B3D324BD822200632C82 /* Constant */,
				18C2B3D524BD822200632C82 /* Model */,
			);
			path = ApiService;
			sourceTree = "<group>";
		};
		18C2B3D124BD822200632C82 /* Rechability */ = {
			isa = PBXGroup;
			children = (
				18C2B3D224BD822200632C82 /* Reachability.swift */,
			);
			path = Rechability;
			sourceTree = "<group>";
		};
		18C2B3D324BD822200632C82 /* Constant */ = {
			isa = PBXGroup;
			children = (
				18C2B3D424BD822200632C82 /* ApiConstant.swift */,
			);
			path = Constant;
			sourceTree = "<group>";
		};
		18C2B3D524BD822200632C82 /* Model */ = {
			isa = PBXGroup;
			children = (
			);
			path = Model;
			sourceTree = "<group>";
		};
		18C2B40724BD82E700632C82 /* Fonts */ = {
			isa = PBXGroup;
			children = (
				185FE5EA24C5577700DEFE49 /* Oxanium-Bold.ttf */,
				185FE5F024C5577700DEFE49 /* Oxanium-ExtraBold.ttf */,
				185FE5EF24C5577700DEFE49 /* Oxanium-ExtraLight.ttf */,
				185FE5EB24C5577700DEFE49 /* Oxanium-Light.ttf */,
				185FE5EC24C5577700DEFE49 /* Oxanium-Medium.ttf */,
				185FE5ED24C5577700DEFE49 /* Oxanium-Regular.ttf */,
				185FE5F124C5577700DEFE49 /* Oxanium-SemiBold.ttf */,
				185FE5EE24C5577700DEFE49 /* Pacifico-Regular.ttf */,
				18C2B41224BD82E700632C82 /* Font.swift */,
			);
			path = Fonts;
			sourceTree = "<group>";
		};
		18C2B42624BD832900632C82 /* Asset */ = {
			isa = PBXGroup;
			children = (
				18C2B42424BD832400632C82 /* Color.xcassets */,
				18C2B39B24BD81AE00632C82 /* Assets.xcassets */,
			);
			path = Asset;
			sourceTree = "<group>";
		};
		18C2B42724BD8B7300632C82 /* ViewController */ = {
			isa = PBXGroup;
			children = (
				18C2B43324BD8BDA00632C82 /* Home */,
				18C2B43224BD8BCE00632C82 /* Authentication */,
				18C2B43124BD8BC400632C82 /* Base */,
				18C2B43024BD8BB900632C82 /* Tutorial */,
			);
			path = ViewController;
			sourceTree = "<group>";
		};
		18C2B43024BD8BB900632C82 /* Tutorial */ = {
			isa = PBXGroup;
			children = (
				18C2B42A24BD8B9B00632C82 /* TutorialViewController.swift */,
			);
			path = Tutorial;
			sourceTree = "<group>";
		};
		18C2B43124BD8BC400632C82 /* Base */ = {
			isa = PBXGroup;
			children = (
				18C2B42824BD8B8900632C82 /* BaseViewController.swift */,
			);
			path = Base;
			sourceTree = "<group>";
		};
		18C2B43224BD8BCE00632C82 /* Authentication */ = {
			isa = PBXGroup;
			children = (
				18C2B42C24BD8BA800632C82 /* LoginViewController.swift */,
				185FE5F224C5612000DEFE49 /* ForgetPasswordViewController.swift */,
				185FE5FE24C56F9100DEFE49 /* ChangePasswordViewController.swift */,
			);
			path = Authentication;
			sourceTree = "<group>";
		};
		18C2B43324BD8BDA00632C82 /* Home */ = {
			isa = PBXGroup;
			children = (
				18C2B42E24BD8BB500632C82 /* DashboardViewController.swift */,
			);
			path = Home;
			sourceTree = "<group>";
		};
		18C2B43424BD8CE900632C82 /* Storyboard */ = {
			isa = PBXGroup;
			children = (
				18C2B43524BD8D1600632C82 /* Authentication.storyboard */,
				18C2B43724BD8D2500632C82 /* Tab.storyboard */,
				18C2B43924BD8D3400632C82 /* Base.storyboard */,
				185FE5FC24C56EA200DEFE49 /* Home.storyboard */,
			);
			path = Storyboard;
			sourceTree = "<group>";
		};
/* End PBXGroup section */

/* Begin PBXNativeTarget section */
		18C2B38E24BD81AD00632C82 /* BigWheelCasino */ = {
			isa = PBXNativeTarget;
			buildConfigurationList = 18C2B3B924BD81AE00632C82 /* Build configuration list for PBXNativeTarget "BigWheelCasino" */;
			buildPhases = (
				18C2B38B24BD81AD00632C82 /* Sources */,
				18C2B38C24BD81AD00632C82 /* Frameworks */,
				18C2B38D24BD81AD00632C82 /* Resources */,
			);
			buildRules = (
			);
			dependencies = (
			);
			name = BigWheelCasino;
			productName = BigWheelCasino;
			productReference = 18C2B38F24BD81AD00632C82 /* BigWheelCasino.app */;
			productType = "com.apple.product-type.application";
		};
		18C2B3A424BD81AE00632C82 /* BigWheelCasinoTests */ = {
			isa = PBXNativeTarget;
			buildConfigurationList = 18C2B3BC24BD81AE00632C82 /* Build configuration list for PBXNativeTarget "BigWheelCasinoTests" */;
			buildPhases = (
				18C2B3A124BD81AE00632C82 /* Sources */,
				18C2B3A224BD81AE00632C82 /* Frameworks */,
				18C2B3A324BD81AE00632C82 /* Resources */,
			);
			buildRules = (
			);
			dependencies = (
				18C2B3A724BD81AE00632C82 /* PBXTargetDependency */,
			);
			name = BigWheelCasinoTests;
			productName = BigWheelCasinoTests;
			productReference = 18C2B3A524BD81AE00632C82 /* BigWheelCasinoTests.xctest */;
			productType = "com.apple.product-type.bundle.unit-test";
		};
		18C2B3AF24BD81AE00632C82 /* BigWheelCasinoUITests */ = {
			isa = PBXNativeTarget;
			buildConfigurationList = 18C2B3BF24BD81AE00632C82 /* Build configuration list for PBXNativeTarget "BigWheelCasinoUITests" */;
			buildPhases = (
				18C2B3AC24BD81AE00632C82 /* Sources */,
				18C2B3AD24BD81AE00632C82 /* Frameworks */,
				18C2B3AE24BD81AE00632C82 /* Resources */,
			);
			buildRules = (
			);
			dependencies = (
				18C2B3B224BD81AE00632C82 /* PBXTargetDependency */,
			);
			name = BigWheelCasinoUITests;
			productName = BigWheelCasinoUITests;
			productReference = 18C2B3B024BD81AE00632C82 /* BigWheelCasinoUITests.xctest */;
			productType = "com.apple.product-type.bundle.ui-testing";
		};
/* End PBXNativeTarget section */

/* Begin PBXProject section */
		18C2B38724BD81AD00632C82 /* Project object */ = {
			isa = PBXProject;
			attributes = {
				LastSwiftUpdateCheck = 1120;
				LastUpgradeCheck = 1120;
				ORGANIZATIONNAME = Apple;
				TargetAttributes = {
					18C2B38E24BD81AD00632C82 = {
						CreatedOnToolsVersion = 11.2.1;
					};
					18C2B3A424BD81AE00632C82 = {
						CreatedOnToolsVersion = 11.2.1;
						TestTargetID = 18C2B38E24BD81AD00632C82;
					};
					18C2B3AF24BD81AE00632C82 = {
						CreatedOnToolsVersion = 11.2.1;
						TestTargetID = 18C2B38E24BD81AD00632C82;
					};
				};
			};
			buildConfigurationList = 18C2B38A24BD81AD00632C82 /* Build configuration list for PBXProject "BigWheelCasino" */;
			compatibilityVersion = "Xcode 9.3";
			developmentRegion = en;
			hasScannedForEncodings = 0;
			knownRegions = (
				en,
				Base,
			);
			mainGroup = 18C2B38624BD81AD00632C82;
			productRefGroup = 18C2B39024BD81AD00632C82 /* Products */;
			projectDirPath = "";
			projectRoot = "";
			targets = (
				18C2B38E24BD81AD00632C82 /* BigWheelCasino */,
				18C2B3A424BD81AE00632C82 /* BigWheelCasinoTests */,
				18C2B3AF24BD81AE00632C82 /* BigWheelCasinoUITests */,
			);
		};
/* End PBXProject section */

/* Begin PBXResourcesBuildPhase section */
		18C2B38D24BD81AD00632C82 /* Resources */ = {
			isa = PBXResourcesBuildPhase;
			buildActionMask = 2147483647;
			files = (
				18C2B43624BD8D1600632C82 /* Authentication.storyboard in Resources */,
				18C2B43A24BD8D3400632C82 /* Base.storyboard in Resources */,
				18C2B43824BD8D2500632C82 /* Tab.storyboard in Resources */,
				18C2B39F24BD81AE00632C82 /* LaunchScreen.storyboard in Resources */,
				18C2B39C24BD81AE00632C82 /* Assets.xcassets in Resources */,
				18C2B42524BD832400632C82 /* Color.xcassets in Resources */,
				18C2B39A24BD81AD00632C82 /* Main.storyboard in Resources */,
				185FE5FD24C56EA200DEFE49 /* Home.storyboard in Resources */,
			);
			runOnlyForDeploymentPostprocessing = 0;
		};
		18C2B3A324BD81AE00632C82 /* Resources */ = {
			isa = PBXResourcesBuildPhase;
			buildActionMask = 2147483647;
			files = (
			);
			runOnlyForDeploymentPostprocessing = 0;
		};
		18C2B3AE24BD81AE00632C82 /* Resources */ = {
			isa = PBXResourcesBuildPhase;
			buildActionMask = 2147483647;
			files = (
			);
			runOnlyForDeploymentPostprocessing = 0;
		};
/* End PBXResourcesBuildPhase section */

/* Begin PBXSourcesBuildPhase section */
		18C2B38B24BD81AD00632C82 /* Sources */ = {
			isa = PBXSourcesBuildPhase;
			buildActionMask = 2147483647;
			files = (
				18C2B39724BD81AD00632C82 /* ViewController.swift in Sources */,
				18C2B3CA24BD81F300632C82 /* Util.swift in Sources */,
				18C2B3C824BD81F300632C82 /* UIView+Inspectable.swift in Sources */,
				18C2B40424BD829300632C82 /* UIColor+AppColor.swift in Sources */,
				185FE5F324C5612000DEFE49 /* ForgetPasswordViewController.swift in Sources */,
				18C2B39324BD81AD00632C82 /* AppDelegate.swift in Sources */,
				18C2B42924BD8B8900632C82 /* BaseViewController.swift in Sources */,
				18C2B39524BD81AD00632C82 /* SceneDelegate.swift in Sources */,
				18C2B42B24BD8B9B00632C82 /* TutorialViewController.swift in Sources */,
				18C2B40524BD829300632C82 /* String.swift in Sources */,
				18C2B42024BD82E700632C82 /* Font.swift in Sources */,
				18C2B3CB24BD81F300632C82 /* UItableView+CollectionView.swift in Sources */,
				18C2B3C924BD81F300632C82 /* UIApplication+Hierarchy.swift in Sources */,
				185FE5FF24C56F9100DEFE49 /* ChangePasswordViewController.swift in Sources */,
				18C2B42D24BD8BA800632C82 /* LoginViewController.swift in Sources */,
				18C2B3EC24BD822200632C82 /* Reachability.swift in Sources */,
				18C2B3CC24BD81F300632C82 /* UIViewController+Storyboard.swift in Sources */,
				18C2B3ED24BD822200632C82 /* ApiConstant.swift in Sources */,
				185FE5FB24C56A0F00DEFE49 /* TutorialCollectionViewCell.swift in Sources */,
				18C2B42F24BD8BB500632C82 /* DashboardViewController.swift in Sources */,
			);
			runOnlyForDeploymentPostprocessing = 0;
		};
		18C2B3A124BD81AE00632C82 /* Sources */ = {
			isa = PBXSourcesBuildPhase;
			buildActionMask = 2147483647;
			files = (
				18C2B3AA24BD81AE00632C82 /* BigWheelCasinoTests.swift in Sources */,
			);
			runOnlyForDeploymentPostprocessing = 0;
		};
		18C2B3AC24BD81AE00632C82 /* Sources */ = {
			isa = PBXSourcesBuildPhase;
			buildActionMask = 2147483647;
			files = (
				18C2B3B524BD81AE00632C82 /* BigWheelCasinoUITests.swift in Sources */,
			);
			runOnlyForDeploymentPostprocessing = 0;
		};
/* End PBXSourcesBuildPhase section */

/* Begin PBXTargetDependency section */
		18C2B3A724BD81AE00632C82 /* PBXTargetDependency */ = {
			isa = PBXTargetDependency;
			target = 18C2B38E24BD81AD00632C82 /* BigWheelCasino */;
			targetProxy = 18C2B3A624BD81AE00632C82 /* PBXContainerItemProxy */;
		};
		18C2B3B224BD81AE00632C82 /* PBXTargetDependency */ = {
			isa = PBXTargetDependency;
			target = 18C2B38E24BD81AD00632C82 /* BigWheelCasino */;
			targetProxy = 18C2B3B124BD81AE00632C82 /* PBXContainerItemProxy */;
		};
/* End PBXTargetDependency section */

/* Begin PBXVariantGroup section */
		18C2B39824BD81AD00632C82 /* Main.storyboard */ = {
			isa = PBXVariantGroup;
			children = (
				18C2B39924BD81AD00632C82 /* Base */,
			);
			name = Main.storyboard;
			sourceTree = "<group>";
		};
		18C2B39D24BD81AE00632C82 /* LaunchScreen.storyboard */ = {
			isa = PBXVariantGroup;
			children = (
				18C2B39E24BD81AE00632C82 /* Base */,
			);
			name = LaunchScreen.storyboard;
			sourceTree = "<group>";
		};
/* End PBXVariantGroup section */

/* Begin XCBuildConfiguration section */
		18C2B3B724BD81AE00632C82 /* Debug */ = {
			isa = XCBuildConfiguration;
			buildSettings = {
				ALWAYS_SEARCH_USER_PATHS = NO;
				CLANG_ANALYZER_NONNULL = YES;
				CLANG_ANALYZER_NUMBER_OBJECT_CONVERSION = YES_AGGRESSIVE;
				CLANG_CXX_LANGUAGE_STANDARD = "gnu++14";
				CLANG_CXX_LIBRARY = "libc++";
				CLANG_ENABLE_MODULES = YES;
				CLANG_ENABLE_OBJC_ARC = YES;
				CLANG_ENABLE_OBJC_WEAK = YES;
				CLANG_WARN_BLOCK_CAPTURE_AUTORELEASING = YES;
				CLANG_WARN_BOOL_CONVERSION = YES;
				CLANG_WARN_COMMA = YES;
				CLANG_WARN_CONSTANT_CONVERSION = YES;
				CLANG_WARN_DEPRECATED_OBJC_IMPLEMENTATIONS = YES;
				CLANG_WARN_DIRECT_OBJC_ISA_USAGE = YES_ERROR;
				CLANG_WARN_DOCUMENTATION_COMMENTS = YES;
				CLANG_WARN_EMPTY_BODY = YES;
				CLANG_WARN_ENUM_CONVERSION = YES;
				CLANG_WARN_INFINITE_RECURSION = YES;
				CLANG_WARN_INT_CONVERSION = YES;
				CLANG_WARN_NON_LITERAL_NULL_CONVERSION = YES;
				CLANG_WARN_OBJC_IMPLICIT_RETAIN_SELF = YES;
				CLANG_WARN_OBJC_LITERAL_CONVERSION = YES;
				CLANG_WARN_OBJC_ROOT_CLASS = YES_ERROR;
				CLANG_WARN_RANGE_LOOP_ANALYSIS = YES;
				CLANG_WARN_STRICT_PROTOTYPES = YES;
				CLANG_WARN_SUSPICIOUS_MOVE = YES;
				CLANG_WARN_UNGUARDED_AVAILABILITY = YES_AGGRESSIVE;
				CLANG_WARN_UNREACHABLE_CODE = YES;
				CLANG_WARN__DUPLICATE_METHOD_MATCH = YES;
				COPY_PHASE_STRIP = NO;
				DEBUG_INFORMATION_FORMAT = dwarf;
				ENABLE_STRICT_OBJC_MSGSEND = YES;
				ENABLE_TESTABILITY = YES;
				GCC_C_LANGUAGE_STANDARD = gnu11;
				GCC_DYNAMIC_NO_PIC = NO;
				GCC_NO_COMMON_BLOCKS = YES;
				GCC_OPTIMIZATION_LEVEL = 0;
				GCC_PREPROCESSOR_DEFINITIONS = (
					"DEBUG=1",
					"$(inherited)",
				);
				GCC_WARN_64_TO_32_BIT_CONVERSION = YES;
				GCC_WARN_ABOUT_RETURN_TYPE = YES_ERROR;
				GCC_WARN_UNDECLARED_SELECTOR = YES;
				GCC_WARN_UNINITIALIZED_AUTOS = YES_AGGRESSIVE;
				GCC_WARN_UNUSED_FUNCTION = YES;
				GCC_WARN_UNUSED_VARIABLE = YES;
				IPHONEOS_DEPLOYMENT_TARGET = 12.4;
				MTL_ENABLE_DEBUG_INFO = INCLUDE_SOURCE;
				MTL_FAST_MATH = YES;
				ONLY_ACTIVE_ARCH = YES;
				SDKROOT = iphoneos;
				SWIFT_ACTIVE_COMPILATION_CONDITIONS = DEBUG;
				SWIFT_OPTIMIZATION_LEVEL = "-Onone";
			};
			name = Debug;
		};
		18C2B3B824BD81AE00632C82 /* Release */ = {
			isa = XCBuildConfiguration;
			buildSettings = {
				ALWAYS_SEARCH_USER_PATHS = NO;
				CLANG_ANALYZER_NONNULL = YES;
				CLANG_ANALYZER_NUMBER_OBJECT_CONVERSION = YES_AGGRESSIVE;
				CLANG_CXX_LANGUAGE_STANDARD = "gnu++14";
				CLANG_CXX_LIBRARY = "libc++";
				CLANG_ENABLE_MODULES = YES;
				CLANG_ENABLE_OBJC_ARC = YES;
				CLANG_ENABLE_OBJC_WEAK = YES;
				CLANG_WARN_BLOCK_CAPTURE_AUTORELEASING = YES;
				CLANG_WARN_BOOL_CONVERSION = YES;
				CLANG_WARN_COMMA = YES;
				CLANG_WARN_CONSTANT_CONVERSION = YES;
				CLANG_WARN_DEPRECATED_OBJC_IMPLEMENTATIONS = YES;
				CLANG_WARN_DIRECT_OBJC_ISA_USAGE = YES_ERROR;
				CLANG_WARN_DOCUMENTATION_COMMENTS = YES;
				CLANG_WARN_EMPTY_BODY = YES;
				CLANG_WARN_ENUM_CONVERSION = YES;
				CLANG_WARN_INFINITE_RECURSION = YES;
				CLANG_WARN_INT_CONVERSION = YES;
				CLANG_WARN_NON_LITERAL_NULL_CONVERSION = YES;
				CLANG_WARN_OBJC_IMPLICIT_RETAIN_SELF = YES;
				CLANG_WARN_OBJC_LITERAL_CONVERSION = YES;
				CLANG_WARN_OBJC_ROOT_CLASS = YES_ERROR;
				CLANG_WARN_RANGE_LOOP_ANALYSIS = YES;
				CLANG_WARN_STRICT_PROTOTYPES = YES;
				CLANG_WARN_SUSPICIOUS_MOVE = YES;
				CLANG_WARN_UNGUARDED_AVAILABILITY = YES_AGGRESSIVE;
				CLANG_WARN_UNREACHABLE_CODE = YES;
				CLANG_WARN__DUPLICATE_METHOD_MATCH = YES;
				COPY_PHASE_STRIP = NO;
				DEBUG_INFORMATION_FORMAT = "dwarf-with-dsym";
				ENABLE_NS_ASSERTIONS = NO;
				ENABLE_STRICT_OBJC_MSGSEND = YES;
				GCC_C_LANGUAGE_STANDARD = gnu11;
				GCC_NO_COMMON_BLOCKS = YES;
				GCC_WARN_64_TO_32_BIT_CONVERSION = YES;
				GCC_WARN_ABOUT_RETURN_TYPE = YES_ERROR;
				GCC_WARN_UNDECLARED_SELECTOR = YES;
				GCC_WARN_UNINITIALIZED_AUTOS = YES_AGGRESSIVE;
				GCC_WARN_UNUSED_FUNCTION = YES;
				GCC_WARN_UNUSED_VARIABLE = YES;
				IPHONEOS_DEPLOYMENT_TARGET = 12.4;
				MTL_ENABLE_DEBUG_INFO = NO;
				MTL_FAST_MATH = YES;
				SDKROOT = iphoneos;
				SWIFT_COMPILATION_MODE = wholemodule;
				SWIFT_OPTIMIZATION_LEVEL = "-O";
				VALIDATE_PRODUCT = YES;
			};
			name = Release;
		};
		18C2B3BA24BD81AE00632C82 /* Debug */ = {
			isa = XCBuildConfiguration;
			buildSettings = {
				ASSETCATALOG_COMPILER_APPICON_NAME = AppIcon;
				CODE_SIGN_STYLE = Automatic;
				INFOPLIST_FILE = BigWheelCasino/Info.plist;
				IPHONEOS_DEPLOYMENT_TARGET = 12.4;
				LD_RUNPATH_SEARCH_PATHS = (
					"$(inherited)",
					"@executable_path/Frameworks",
				);
				PRODUCT_BUNDLE_IDENTIFIER = com.nidhi.com.BigWheelCasino;
				PRODUCT_NAME = "$(TARGET_NAME)";
				SWIFT_VERSION = 5.0;
				TARGETED_DEVICE_FAMILY = 1;
			};
			name = Debug;
		};
		18C2B3BB24BD81AE00632C82 /* Release */ = {
			isa = XCBuildConfiguration;
			buildSettings = {
				ASSETCATALOG_COMPILER_APPICON_NAME = AppIcon;
				CODE_SIGN_STYLE = Automatic;
				INFOPLIST_FILE = BigWheelCasino/Info.plist;
				IPHONEOS_DEPLOYMENT_TARGET = 12.4;
				LD_RUNPATH_SEARCH_PATHS = (
					"$(inherited)",
					"@executable_path/Frameworks",
				);
				PRODUCT_BUNDLE_IDENTIFIER = com.nidhi.com.BigWheelCasino;
				PRODUCT_NAME = "$(TARGET_NAME)";
				SWIFT_VERSION = 5.0;
				TARGETED_DEVICE_FAMILY = 1;
			};
			name = Release;
		};
		18C2B3BD24BD81AE00632C82 /* Debug */ = {
			isa = XCBuildConfiguration;
			buildSettings = {
				ALWAYS_EMBED_SWIFT_STANDARD_LIBRARIES = YES;
				BUNDLE_LOADER = "$(TEST_HOST)";
				CODE_SIGN_STYLE = Automatic;
				INFOPLIST_FILE = BigWheelCasinoTests/Info.plist;
				IPHONEOS_DEPLOYMENT_TARGET = 13.2;
				LD_RUNPATH_SEARCH_PATHS = (
					"$(inherited)",
					"@executable_path/Frameworks",
					"@loader_path/Frameworks",
				);
				PRODUCT_BUNDLE_IDENTIFIER = com.nidhi.com.BigWheelCasinoTests;
				PRODUCT_NAME = "$(TARGET_NAME)";
				SWIFT_VERSION = 5.0;
				TARGETED_DEVICE_FAMILY = "1,2";
				TEST_HOST = "$(BUILT_PRODUCTS_DIR)/BigWheelCasino.app/BigWheelCasino";
			};
			name = Debug;
		};
		18C2B3BE24BD81AE00632C82 /* Release */ = {
			isa = XCBuildConfiguration;
			buildSettings = {
				ALWAYS_EMBED_SWIFT_STANDARD_LIBRARIES = YES;
				BUNDLE_LOADER = "$(TEST_HOST)";
				CODE_SIGN_STYLE = Automatic;
				INFOPLIST_FILE = BigWheelCasinoTests/Info.plist;
				IPHONEOS_DEPLOYMENT_TARGET = 13.2;
				LD_RUNPATH_SEARCH_PATHS = (
					"$(inherited)",
					"@executable_path/Frameworks",
					"@loader_path/Frameworks",
				);
				PRODUCT_BUNDLE_IDENTIFIER = com.nidhi.com.BigWheelCasinoTests;
				PRODUCT_NAME = "$(TARGET_NAME)";
				SWIFT_VERSION = 5.0;
				TARGETED_DEVICE_FAMILY = "1,2";
				TEST_HOST = "$(BUILT_PRODUCTS_DIR)/BigWheelCasino.app/BigWheelCasino";
			};
			name = Release;
		};
		18C2B3C024BD81AE00632C82 /* Debug */ = {
			isa = XCBuildConfiguration;
			buildSettings = {
				ALWAYS_EMBED_SWIFT_STANDARD_LIBRARIES = YES;
				CODE_SIGN_STYLE = Automatic;
				INFOPLIST_FILE = BigWheelCasinoUITests/Info.plist;
				LD_RUNPATH_SEARCH_PATHS = (
					"$(inherited)",
					"@executable_path/Frameworks",
					"@loader_path/Frameworks",
				);
				PRODUCT_BUNDLE_IDENTIFIER = com.nidhi.com.BigWheelCasinoUITests;
				PRODUCT_NAME = "$(TARGET_NAME)";
				SWIFT_VERSION = 5.0;
				TARGETED_DEVICE_FAMILY = "1,2";
				TEST_TARGET_NAME = BigWheelCasino;
			};
			name = Debug;
		};
		18C2B3C124BD81AE00632C82 /* Release */ = {
			isa = XCBuildConfiguration;
			buildSettings = {
				ALWAYS_EMBED_SWIFT_STANDARD_LIBRARIES = YES;
				CODE_SIGN_STYLE = Automatic;
				INFOPLIST_FILE = BigWheelCasinoUITests/Info.plist;
				LD_RUNPATH_SEARCH_PATHS = (
					"$(inherited)",
					"@executable_path/Frameworks",
					"@loader_path/Frameworks",
				);
				PRODUCT_BUNDLE_IDENTIFIER = com.nidhi.com.BigWheelCasinoUITests;
				PRODUCT_NAME = "$(TARGET_NAME)";
				SWIFT_VERSION = 5.0;
				TARGETED_DEVICE_FAMILY = "1,2";
				TEST_TARGET_NAME = BigWheelCasino;
			};
			name = Release;
		};
/* End XCBuildConfiguration section */

/* Begin XCConfigurationList section */
		18C2B38A24BD81AD00632C82 /* Build configuration list for PBXProject "BigWheelCasino" */ = {
			isa = XCConfigurationList;
			buildConfigurations = (
				18C2B3B724BD81AE00632C82 /* Debug */,
				18C2B3B824BD81AE00632C82 /* Release */,
			);
			defaultConfigurationIsVisible = 0;
			defaultConfigurationName = Release;
		};
		18C2B3B924BD81AE00632C82 /* Build configuration list for PBXNativeTarget "BigWheelCasino" */ = {
			isa = XCConfigurationList;
			buildConfigurations = (
				18C2B3BA24BD81AE00632C82 /* Debug */,
				18C2B3BB24BD81AE00632C82 /* Release */,
			);
			defaultConfigurationIsVisible = 0;
			defaultConfigurationName = Release;
		};
		18C2B3BC24BD81AE00632C82 /* Build configuration list for PBXNativeTarget "BigWheelCasinoTests" */ = {
			isa = XCConfigurationList;
			buildConfigurations = (
				18C2B3BD24BD81AE00632C82 /* Debug */,
				18C2B3BE24BD81AE00632C82 /* Release */,
			);
			defaultConfigurationIsVisible = 0;
			defaultConfigurationName = Release;
		};
		18C2B3BF24BD81AE00632C82 /* Build configuration list for PBXNativeTarget "BigWheelCasinoUITests" */ = {
			isa = XCConfigurationList;
			buildConfigurations = (
				18C2B3C024BD81AE00632C82 /* Debug */,
				18C2B3C124BD81AE00632C82 /* Release */,
			);
			defaultConfigurationIsVisible = 0;
			defaultConfigurationName = Release;
		};
/* End XCConfigurationList section */
	};
	rootObject = 18C2B38724BD81AD00632C82 /* Project object */;
}
